{
  "version": "2",
  "remote": {
    "https://deno.land/std@0.176.0/_util/asserts.ts": "178dfc49a464aee693a7e285567b3d0b555dc805ff490505a8aae34f9cfb1462",
    "https://deno.land/std@0.176.0/async/deferred.ts": "42790112f36a75a57db4a96d33974a936deb7b04d25c6084a9fa8a49f135def8",
    "https://deno.land/std@0.176.0/async/delay.ts": "73aa04cec034c84fc748c7be49bb15cac3dd43a57174bfdb7a4aec22c248f0dd",
    "https://deno.land/std@0.176.0/bytes/copy.ts": "939d89e302a9761dcf1d9c937c7711174ed74c59eef40a1e4569a05c9de88219",
    "https://deno.land/std@0.176.0/io/buf_reader.ts": "90a7adcb3638d8e1361695cdf844d58bcd97c41711dc6f9f8acc0626ebe097f5",
    "https://deno.land/std@0.176.0/io/buf_writer.ts": "759c69d304b04d2909976f2a03a24a107276fbd81ed13593c5c2d43d104b52f3",
    "https://deno.land/std@0.176.0/types.d.ts": "220ed56662a0bd393ba5d124aa6ae2ad36a00d2fcbc0e8666a65f4606aaa9784",
    "https://deno.land/std@0.182.0/collections/filter_values.ts": "5b9feaf17b9a6e5ffccdd36cf6f38fa4ffa94cff2602d381c2ad0c2a97929652",
    "https://deno.land/std@0.182.0/collections/without_all.ts": "a89f5da0b5830defed4f59666e188df411d8fece35a5f6ca69be6ca71a95c185",
    "https://deno.land/std@0.182.0/dotenv/mod.ts": "8dcbc8a40b896a0bf094582aaeadbfc76d3528872faf2efc0302beb1d2f6afd0",
    "https://deno.land/std@0.182.0/fmt/colors.ts": "d67e3cd9f472535241a8e410d33423980bec45047e343577554d3356e1f0ef4e",
    "https://deno.land/std@0.182.0/testing/_diff.ts": "1a3c044aedf77647d6cac86b798c6417603361b66b54c53331b312caeb447aea",
    "https://deno.land/std@0.182.0/testing/_format.ts": "a69126e8a469009adf4cf2a50af889aca364c349797e63174884a52ff75cf4c7",
    "https://deno.land/std@0.182.0/testing/asserts.ts": "e16d98b4d73ffc4ed498d717307a12500ae4f2cbe668f1a215632d19fcffc22f",
    "https://deno.land/std@0.80.0/encoding/utf8.ts": "1b7e77db9a12363c67872f8a208886ca1329f160c1ca9133b13d2ed399688b99",
    "https://deno.land/x/axiod@0.26.2/helpers.ts": "467f2ca75608f368c8092e800eab0d6d79b3fa42346372be62a5b93acf50fe7e",
    "https://deno.land/x/axiod@0.26.2/interfaces.ts": "1b5a7b70b1e7faecd2f251ad080bd87188fba585e2de667af472c4d72abf636e",
    "https://deno.land/x/axiod@0.26.2/mod.ts": "1175ec90a040d764b9940753f8d8e3f37a2328a0536eed48e411a8f1a3e9e5cb",
    "https://deno.land/x/axiod@0.26.2/mods/url-join.ts": "c925b2dd0bd490093d084bd4c74a9502260e014d5e760a4951b3e7c8ab3ca43f",
    "https://deno.land/x/dotenv@v3.2.2/load.ts": "cbd76a0aee01aad8d09222afaa1dd04b84d9d3e44637503b01bf77a91df9e041",
    "https://deno.land/x/dotenv@v3.2.2/mod.ts": "077b48773de9205266a0b44c3c3a3c3083449ed64bb0b6cc461b95720678d38e",
    "https://deno.land/x/dotenv@v3.2.2/util.ts": "693730877b13f8ead2b79b2aa31e2a0652862f7dc0c5f6d2f313f4d39c7b7670",
    "https://deno.land/x/keypress@0.0.7/dep.ts": "feeb0056d332c126343249b79fe86cb0bf3abd03ea4c270cd39575c38d37a911",
    "https://deno.land/x/keypress@0.0.7/mod.ts": "1130570c2397118a3a301b1137400a8e55486716cc3557b3bd5e9947b6b9c035",
    "https://deno.land/x/redis@v0.29.2/backoff.ts": "33e4a6e245f8743fbae0ce583993a671a3ac2ecee433a3e7f0bd77b5dd541d84",
    "https://deno.land/x/redis@v0.29.2/command.ts": "9d1a679821c9065298fc2b8831b6532605426259b17a1f9d41ee9219180244c7",
    "https://deno.land/x/redis@v0.29.2/connection.ts": "335f0aa728b8e0b90353c4015daf5abaa7cae657739eb66cb48324f2d197dcc0",
    "https://deno.land/x/redis@v0.29.2/errors.ts": "589c41fc0fbd9fbac896a2517cf461a6af211432dd4bb77e0681f5a256d46e66",
    "https://deno.land/x/redis@v0.29.2/executor.ts": "0e78c2756f6d14fc0a001bb7527c50c7055880d8e052a9964ecf070a3045f8c7",
    "https://deno.land/x/redis@v0.29.2/mod.ts": "20908f005f5c102525ce6aa9261648c95c5f61c6cf782b2cbb2fce88b1220f69",
    "https://deno.land/x/redis@v0.29.2/pipeline.ts": "80cc26a881149264d51dd019f1044c4ec9012399eca9f516057dc81c9b439370",
    "https://deno.land/x/redis@v0.29.2/protocol/_util.ts": "0525f7f444a96b92cd36423abdfe221f8d8de4a018dc5cb6750a428a5fc897c2",
    "https://deno.land/x/redis@v0.29.2/protocol/command.ts": "610180ecfaad1d99b32c2a1e3fb41521e3374c4eac0314f2b6e27b2cb3d6a4d9",
    "https://deno.land/x/redis@v0.29.2/protocol/mod.ts": "f2601df31d8adc71785b5d19f6a7e43dfce94adbb6735c4dafc1fb129169d11a",
    "https://deno.land/x/redis@v0.29.2/protocol/reply.ts": "4b7432263924ca611f08af818436eafd9433eef07a835bc0338a08def5db1a30",
    "https://deno.land/x/redis@v0.29.2/protocol/types.ts": "6bf515b69712dfd4ab45caf1d0054b8fcdd6e1afb55b2bd9a221e9ecb066f658",
    "https://deno.land/x/redis@v0.29.2/pubsub.ts": "58b7431c1383fc20addfc7ab1272b28e35a4d101173ea59ade28612ad7fef573",
    "https://deno.land/x/redis@v0.29.2/redis.ts": "dd1aed5b604f2514475dd7f78cc06b1f9f9dc17897f6f3ebda72ef3d5227b3be",
    "https://deno.land/x/redis@v0.29.2/stream.ts": "f116d73cfe04590ff9fa8a3c08be8ff85219d902ef2f6929b8c1e88d92a07810",
    "https://deno.land/x/redis@v0.29.2/vendor/https/deno.land/std/async/deferred.ts": "ef161b2d69f52e5f2d5250227afb5fcecfa038217a37555868152d3c47c8d61c",
    "https://deno.land/x/redis@v0.29.2/vendor/https/deno.land/std/async/delay.ts": "07bb8709c87bf457da6a7460668aa63afcda738719f5941237cb74ef795f49a8",
    "https://deno.land/x/redis@v0.29.2/vendor/https/deno.land/std/io/buf_reader.ts": "b8cd05912ca54ebebc77bddbd38612bfff585ca7f053d94038b8c644e6a17e0b",
    "https://deno.land/x/redis@v0.29.2/vendor/https/deno.land/std/io/buf_writer.ts": "2137f495110ebfa615bf9ab684ffc5af902a41ab3911cdd997eefc1ae529c54a",
    "https://deno.land/x/url_join@1.0.0/mod.ts": "d3c7007e3ab15594e54d5b90dce623b3e274a726e0cdf57858e7ecab77a0166c",
    "https://raw.githubusercontent.com/ocpu/question-deno/master/KeyCombo.ts": "a370b2dca76faa416d00e45479c8ce344971b5b86b44b4d0b213245c4bd2f8a3",
    "https://raw.githubusercontent.com/ocpu/question-deno/master/checkbox.ts": "7be760d3beeedc4499e9edcbba94e4ca97ea8a8d188ce053a00bb0f8b38fe09c",
    "https://raw.githubusercontent.com/ocpu/question-deno/master/config.ts": "a94a022c757f63ee7c410e29b97d3bfab1811889fb4483f56395cf376a911d1b",
    "https://raw.githubusercontent.com/ocpu/question-deno/master/confirm.ts": "dde395f351e14ebff9dd882c49c1376f0c648a5978d17dfad997f9958df01d1c",
    "https://raw.githubusercontent.com/ocpu/question-deno/master/input.ts": "5b7a3e194e6a5b74bb26d5ef1363d78619769772ad01244fd6f95b9c66cc6f0d",
    "https://raw.githubusercontent.com/ocpu/question-deno/master/list.ts": "3b96403b043b5b5bc417d8d07b34828961c1f9d2bdbc9f24e6ef40fb9c95438e",
    "https://raw.githubusercontent.com/ocpu/question-deno/master/mod.ts": "cb10c598652cf7edf600af17f73bcadcdedf6900d9f5b5647e89ba2ea378b7d5",
    "https://raw.githubusercontent.com/ocpu/question-deno/master/password.ts": "3c578bd21e4fd283431aa940357f40fed2e26d3de12ad129a696d7fe38ae744d",
    "https://raw.githubusercontent.com/ocpu/question-deno/master/text-util.ts": "37c0437d2030c0b6255f10afec7ccfcb6b195e9a0a011bb7956595142c3d7383",
    "https://raw.githubusercontent.com/ocpu/question-deno/master/util.ts": "a8285450db7b56a3e507f478aaad68927ecb1ee545449cb869ccc4aace13fada"
  },
  "npm": {
    "specifiers": {
      "@types/express": "@types/express@4.17.17",
      "@types/morgan": "@types/morgan@1.9.4",
      "axios": "axios@1.3.4",
      "axios@1.3.4": "axios@1.3.4",
      "body-parser": "body-parser@1.20.2",
      "express@4.18.2": "express@4.18.2",
      "morgan@1.10.0": "morgan@1.10.0",
      "types": "types@0.1.1"
    },
    "packages": {
      "@types/body-parser@1.19.2": {
        "integrity": "sha512-ALYone6pm6QmwZoAgeyNksccT9Q4AWZQ6PvfwR37GT6r6FWUPguq6sUmNGSMV2Wr761oQoBxwGGa6DR5o1DC9g==",
        "dependencies": {
          "@types/connect": "@types/connect@3.4.35",
          "@types/node": "@types/node@18.15.11"
        }
      },
      "@types/connect@3.4.35": {
        "integrity": "sha512-cdeYyv4KWoEgpBISTxWvqYsVy444DOqehiF3fM3ne10AmJ62RSyNkUnxMJXHQWRQQX2eR94m5y1IZyDwBjV9FQ==",
        "dependencies": {
          "@types/node": "@types/node@18.15.11"
        }
      },
      "@types/express-serve-static-core@4.17.33": {
        "integrity": "sha512-TPBqmR/HRYI3eC2E5hmiivIzv+bidAfXofM+sbonAGvyDhySGw9/PQZFt2BLOrjUUR++4eJVpx6KnLQK1Fk9tA==",
        "dependencies": {
          "@types/node": "@types/node@18.15.11",
          "@types/qs": "@types/qs@6.9.7",
          "@types/range-parser": "@types/range-parser@1.2.4"
        }
      },
      "@types/express@4.17.17": {
        "integrity": "sha512-Q4FmmuLGBG58btUnfS1c1r/NQdlp3DMfGDGig8WhfpA2YRUtEkxAjkZb0yvplJGYdF1fsQ81iMDcH24sSCNC/Q==",
        "dependencies": {
          "@types/body-parser": "@types/body-parser@1.19.2",
          "@types/express-serve-static-core": "@types/express-serve-static-core@4.17.33",
          "@types/qs": "@types/qs@6.9.7",
          "@types/serve-static": "@types/serve-static@1.15.1"
        }
      },
      "@types/mime@3.0.1": {
        "integrity": "sha512-Y4XFY5VJAuw0FgAqPNd6NNoV44jbq9Bz2L7Rh/J6jLTiHBSBJa9fxqQIvkIld4GsoDOcCbvzOUAbLPsSKKg+uA==",
        "dependencies": {}
      },
      "@types/morgan@1.9.4": {
        "integrity": "sha512-cXoc4k+6+YAllH3ZHmx4hf7La1dzUk6keTR4bF4b4Sc0mZxU/zK4wO7l+ZzezXm/jkYj/qC+uYGZrarZdIVvyQ==",
        "dependencies": {
          "@types/node": "@types/node@18.15.11"
        }
      },
      "@types/node@18.15.11": {
        "integrity": "sha512-E5Kwq2n4SbMzQOn6wnmBjuK9ouqlURrcZDVfbo9ftDDTFt3nk7ZKK4GMOzoYgnpQJKcxwQw+lGaBvvlMo0qN/Q==",
        "dependencies": {}
      },
      "@types/qs@6.9.7": {
        "integrity": "sha512-FGa1F62FT09qcrueBA6qYTrJPVDzah9a+493+o2PCXsesWHIn27G98TsSMs3WPNbZIEj4+VJf6saSFpvD+3Zsw==",
        "dependencies": {}
      },
      "@types/range-parser@1.2.4": {
        "integrity": "sha512-EEhsLsD6UsDM1yFhAvy0Cjr6VwmpMWqFBCb9w07wVugF7w9nfajxLuVmngTIpgS6svCnm6Vaw+MZhoDCKnOfsw==",
        "dependencies": {}
      },
      "@types/serve-static@1.15.1": {
        "integrity": "sha512-NUo5XNiAdULrJENtJXZZ3fHtfMolzZwczzBbnAeBbqBwG+LaG6YaJtuwzwGSQZ2wsCrxjEhNNjAkKigy3n8teQ==",
        "dependencies": {
          "@types/mime": "@types/mime@3.0.1",
          "@types/node": "@types/node@18.15.11"
        }
      },
      "accepts@1.3.8": {
        "integrity": "sha512-PYAthTa2m2VKxuvSD3DPC/Gy+U+sOA1LAuT8mkmRuvw+NACSaeXEQ+NHcVF7rONl6qcaxV3Uuemwawk+7+SJLw==",
        "dependencies": {
          "mime-types": "mime-types@2.1.35",
          "negotiator": "negotiator@0.6.3"
        }
      },
      "array-flatten@1.1.1": {
        "integrity": "sha512-PCVAQswWemu6UdxsDFFX/+gVeYqKAod3D3UVm91jHwynguOwAvYPhx8nNlM++NqRcK6CxxpUafjmhIdKiHibqg==",
        "dependencies": {}
      },
      "asynckit@0.4.0": {
        "integrity": "sha512-Oei9OH4tRh0YqU3GxhX79dM/mwVgvbZJaSNaRk+bshkj0S5cfHcgYakreBjrHwatXKbz+IoIdYLxrKim2MjW0Q==",
        "dependencies": {}
      },
      "axios@1.3.4": {
        "integrity": "sha512-toYm+Bsyl6VC5wSkfkbbNB6ROv7KY93PEBBL6xyDczaIHasAiv4wPqQ/c4RjoQzipxRD2W5g21cOqQulZ7rHwQ==",
        "dependencies": {
          "follow-redirects": "follow-redirects@1.15.2",
          "form-data": "form-data@4.0.0",
          "proxy-from-env": "proxy-from-env@1.1.0"
        }
      },
      "basic-auth@2.0.1": {
        "integrity": "sha512-NF+epuEdnUYVlGuhaxbbq+dvJttwLnGY+YixlXlME5KpQ5W3CnXA5cVTneY3SPbPDRkcjMbifrwmFYcClgOZeg==",
        "dependencies": {
          "safe-buffer": "safe-buffer@5.1.2"
        }
      },
      "body-parser@1.20.1": {
        "integrity": "sha512-jWi7abTbYwajOytWCQc37VulmWiRae5RyTpaCyDcS5/lMdtwSz5lOpDE67srw/HYe35f1z3fDQw+3txg7gNtWw==",
        "dependencies": {
          "bytes": "bytes@3.1.2",
          "content-type": "content-type@1.0.5",
          "debug": "debug@2.6.9",
          "depd": "depd@2.0.0",
          "destroy": "destroy@1.2.0",
          "http-errors": "http-errors@2.0.0",
          "iconv-lite": "iconv-lite@0.4.24",
          "on-finished": "on-finished@2.4.1",
          "qs": "qs@6.11.0",
          "raw-body": "raw-body@2.5.1",
          "type-is": "type-is@1.6.18",
          "unpipe": "unpipe@1.0.0"
        }
      },
      "body-parser@1.20.2": {
        "integrity": "sha512-ml9pReCu3M61kGlqoTm2umSXTlRTuGTx0bfYj+uIUKKYycG5NtSbeetV3faSU6R7ajOPw0g/J1PvK4qNy7s5bA==",
        "dependencies": {
          "bytes": "bytes@3.1.2",
          "content-type": "content-type@1.0.5",
          "debug": "debug@2.6.9",
          "depd": "depd@2.0.0",
          "destroy": "destroy@1.2.0",
          "http-errors": "http-errors@2.0.0",
          "iconv-lite": "iconv-lite@0.4.24",
          "on-finished": "on-finished@2.4.1",
          "qs": "qs@6.11.0",
          "raw-body": "raw-body@2.5.2",
          "type-is": "type-is@1.6.18",
          "unpipe": "unpipe@1.0.0"
        }
      },
      "bytes@3.1.2": {
        "integrity": "sha512-/Nf7TyzTx6S3yRJObOAV7956r8cr2+Oj8AC5dt8wSP3BQAoeX58NoHyCU8P8zGkNXStjTSi6fzO6F0pBdcYbEg==",
        "dependencies": {}
      },
      "call-bind@1.0.2": {
        "integrity": "sha512-7O+FbCihrB5WGbFYesctwmTKae6rOiIzmz1icreWJ+0aA7LJfuqhEso2T9ncpcFtzMQtzXf2QGGueWJGTYsqrA==",
        "dependencies": {
          "function-bind": "function-bind@1.1.1",
          "get-intrinsic": "get-intrinsic@1.2.0"
        }
      },
      "combined-stream@1.0.8": {
        "integrity": "sha512-FQN4MRfuJeHf7cBbBMJFXhKSDq+2kAArBlmRBvcvFE5BB1HZKXtSFASDhdlz9zOYwxh8lDdnvmMOe/+5cdoEdg==",
        "dependencies": {
          "delayed-stream": "delayed-stream@1.0.0"
        }
      },
      "content-disposition@0.5.4": {
        "integrity": "sha512-FveZTNuGw04cxlAiWbzi6zTAL/lhehaWbTtgluJh4/E95DqMwTmha3KZN1aAWA8cFIhHzMZUvLevkw5Rqk+tSQ==",
        "dependencies": {
          "safe-buffer": "safe-buffer@5.2.1"
        }
      },
      "content-type@1.0.5": {
        "integrity": "sha512-nTjqfcBFEipKdXCv4YDQWCfmcLZKm81ldF0pAopTvyrFGVbcR6P/VAAd5G7N+0tTr8QqiU0tFadD6FK4NtJwOA==",
        "dependencies": {}
      },
      "cookie-signature@1.0.6": {
        "integrity": "sha512-QADzlaHc8icV8I7vbaJXJwod9HWYp8uCqf1xa4OfNu1T7JVxQIrUgOWtHdNDtPiywmFbiS12VjotIXLrKM3orQ==",
        "dependencies": {}
      },
      "cookie@0.5.0": {
        "integrity": "sha512-YZ3GUyn/o8gfKJlnlX7g7xq4gyO6OSuhGPKaaGssGB2qgDUS0gPgtTvoyZLTt9Ab6dC4hfc9dV5arkvc/OCmrw==",
        "dependencies": {}
      },
      "debug@2.6.9": {
        "integrity": "sha512-bC7ElrdJaJnPbAP+1EotYvqZsb3ecl5wi6Bfi6BJTUcNowp6cvspg0jXznRTKDjm/E7AdgFBVeAPVMNcKGsHMA==",
        "dependencies": {
          "ms": "ms@2.0.0"
        }
      },
      "delayed-stream@1.0.0": {
        "integrity": "sha512-ZySD7Nf91aLB0RxL4KGrKHBXl7Eds1DAmEdcoVawXnLD7SDhpNgtuII2aAkg7a7QS41jxPSZ17p4VdGnMHk3MQ==",
        "dependencies": {}
      },
      "depd@2.0.0": {
        "integrity": "sha512-g7nH6P6dyDioJogAAGprGpCtVImJhpPk/roCzdb3fIh61/s/nPsfR6onyMwkCAR/OlC3yBC0lESvUoQEAssIrw==",
        "dependencies": {}
      },
      "destroy@1.2.0": {
        "integrity": "sha512-2sJGJTaXIIaR1w4iJSNoN0hnMY7Gpc/n8D4qSCJw8QqFWXf7cuAgnEHxBpweaVcPevC2l3KpjYCx3NypQQgaJg==",
        "dependencies": {}
      },
      "ee-first@1.1.1": {
        "integrity": "sha512-WMwm9LhRUo+WUaRN+vRuETqG89IgZphVSNkdFgeb6sS/E4OrDIN7t48CAewSHXc6C8lefD8KKfr5vY61brQlow==",
        "dependencies": {}
      },
      "encodeurl@1.0.2": {
        "integrity": "sha512-TPJXq8JqFaVYm2CWmPvnP2Iyo4ZSM7/QKcSmuMLDObfpH5fi7RUGmd/rTDf+rut/saiDiQEeVTNgAmJEdAOx0w==",
        "dependencies": {}
      },
      "escape-html@1.0.3": {
        "integrity": "sha512-NiSupZ4OeuGwr68lGIeym/ksIZMJodUGOSCZ/FSnTxcrekbvqrgdUxlJOMpijaKZVjAJrWrGs/6Jy8OMuyj9ow==",
        "dependencies": {}
      },
      "etag@1.8.1": {
        "integrity": "sha512-aIL5Fx7mawVa300al2BnEE4iNvo1qETxLrPI/o05L7z6go7fCw1J6EQmbK4FmJ2AS7kgVF/KEZWufBfdClMcPg==",
        "dependencies": {}
      },
      "express@4.18.2": {
        "integrity": "sha512-5/PsL6iGPdfQ/lKM1UuielYgv3BUoJfz1aUwU9vHZ+J7gyvwdQXFEBIEIaxeGf0GIcreATNyBExtalisDbuMqQ==",
        "dependencies": {
          "accepts": "accepts@1.3.8",
          "array-flatten": "array-flatten@1.1.1",
          "body-parser": "body-parser@1.20.1",
          "content-disposition": "content-disposition@0.5.4",
          "content-type": "content-type@1.0.5",
          "cookie": "cookie@0.5.0",
          "cookie-signature": "cookie-signature@1.0.6",
          "debug": "debug@2.6.9",
          "depd": "depd@2.0.0",
          "encodeurl": "encodeurl@1.0.2",
          "escape-html": "escape-html@1.0.3",
          "etag": "etag@1.8.1",
          "finalhandler": "finalhandler@1.2.0",
          "fresh": "fresh@0.5.2",
          "http-errors": "http-errors@2.0.0",
          "merge-descriptors": "merge-descriptors@1.0.1",
          "methods": "methods@1.1.2",
          "on-finished": "on-finished@2.4.1",
          "parseurl": "parseurl@1.3.3",
          "path-to-regexp": "path-to-regexp@0.1.7",
          "proxy-addr": "proxy-addr@2.0.7",
          "qs": "qs@6.11.0",
          "range-parser": "range-parser@1.2.1",
          "safe-buffer": "safe-buffer@5.2.1",
          "send": "send@0.18.0",
          "serve-static": "serve-static@1.15.0",
          "setprototypeof": "setprototypeof@1.2.0",
          "statuses": "statuses@2.0.1",
          "type-is": "type-is@1.6.18",
          "utils-merge": "utils-merge@1.0.1",
          "vary": "vary@1.1.2"
        }
      },
      "finalhandler@1.2.0": {
        "integrity": "sha512-5uXcUVftlQMFnWC9qu/svkWv3GTd2PfUhK/3PLkYNAe7FbqJMt3515HaxE6eRL74GdsriiwujiawdaB1BpEISg==",
        "dependencies": {
          "debug": "debug@2.6.9",
          "encodeurl": "encodeurl@1.0.2",
          "escape-html": "escape-html@1.0.3",
          "on-finished": "on-finished@2.4.1",
          "parseurl": "parseurl@1.3.3",
          "statuses": "statuses@2.0.1",
          "unpipe": "unpipe@1.0.0"
        }
      },
      "follow-redirects@1.15.2": {
        "integrity": "sha512-VQLG33o04KaQ8uYi2tVNbdrWp1QWxNNea+nmIB4EVM28v0hmP17z7aG1+wAkNzVq4KeXTq3221ye5qTJP91JwA==",
        "dependencies": {}
      },
      "form-data@4.0.0": {
        "integrity": "sha512-ETEklSGi5t0QMZuiXoA/Q6vcnxcLQP5vdugSpuAyi6SVGi2clPPp+xgEhuMaHC+zGgn31Kd235W35f7Hykkaww==",
        "dependencies": {
          "asynckit": "asynckit@0.4.0",
          "combined-stream": "combined-stream@1.0.8",
          "mime-types": "mime-types@2.1.35"
        }
      },
      "forwarded@0.2.0": {
        "integrity": "sha512-buRG0fpBtRHSTCOASe6hD258tEubFoRLb4ZNA6NxMVHNw2gOcwHo9wyablzMzOA5z9xA9L1KNjk/Nt6MT9aYow==",
        "dependencies": {}
      },
      "fresh@0.5.2": {
        "integrity": "sha512-zJ2mQYM18rEFOudeV4GShTGIQ7RbzA7ozbU9I/XBpm7kqgMywgmylMwXHxZJmkVoYkna9d2pVXVXPdYTP9ej8Q==",
        "dependencies": {}
      },
      "function-bind@1.1.1": {
        "integrity": "sha512-yIovAzMX49sF8Yl58fSCWJ5svSLuaibPxXQJFLmBObTuCr0Mf1KiPopGM9NiFjiYBCbfaa2Fh6breQ6ANVTI0A==",
        "dependencies": {}
      },
      "get-intrinsic@1.2.0": {
        "integrity": "sha512-L049y6nFOuom5wGyRc3/gdTLO94dySVKRACj1RmJZBQXlbTMhtNIgkWkUHq+jYmZvKf14EW1EoJnnjbmoHij0Q==",
        "dependencies": {
          "function-bind": "function-bind@1.1.1",
          "has": "has@1.0.3",
          "has-symbols": "has-symbols@1.0.3"
        }
      },
      "has-symbols@1.0.3": {
        "integrity": "sha512-l3LCuF6MgDNwTDKkdYGEihYjt5pRPbEg46rtlmnSPlUbgmB8LOIrKJbYYFBSbnPaJexMKtiPO8hmeRjRz2Td+A==",
        "dependencies": {}
      },
      "has@1.0.3": {
        "integrity": "sha512-f2dvO0VU6Oej7RkWJGrehjbzMAjFp5/VKPp5tTpWIV4JHHZK1/BxbFRtf/siA2SWTe09caDmVtYYzWEIbBS4zw==",
        "dependencies": {
          "function-bind": "function-bind@1.1.1"
        }
      },
      "http-errors@2.0.0": {
        "integrity": "sha512-FtwrG/euBzaEjYeRqOgly7G0qviiXoJWnvEH2Z1plBdXgbyjv34pHTSb9zoeHMyDy33+DWy5Wt9Wo+TURtOYSQ==",
        "dependencies": {
          "depd": "depd@2.0.0",
          "inherits": "inherits@2.0.4",
          "setprototypeof": "setprototypeof@1.2.0",
          "statuses": "statuses@2.0.1",
          "toidentifier": "toidentifier@1.0.1"
        }
      },
      "iconv-lite@0.4.24": {
        "integrity": "sha512-v3MXnZAcvnywkTUEZomIActle7RXXeedOR31wwl7VlyoXO4Qi9arvSenNQWne1TcRwhCL1HwLI21bEqdpj8/rA==",
        "dependencies": {
          "safer-buffer": "safer-buffer@2.1.2"
        }
      },
      "inherits@2.0.4": {
        "integrity": "sha512-k/vGaX4/Yla3WzyMCvTQOXYeIHvqOKtnqBduzTHpzpQZzAskKMhZ2K+EnBiSM9zGSoIFeMpXKxa4dYeZIQqewQ==",
        "dependencies": {}
      },
      "ipaddr.js@1.9.1": {
        "integrity": "sha512-0KI/607xoxSToH7GjN1FfSbLoU0+btTicjsQSWQlh/hZykN8KpmMf7uYwPW3R+akZ6R/w18ZlXSHBYXiYUPO3g==",
        "dependencies": {}
      },
      "media-typer@0.3.0": {
        "integrity": "sha512-dq+qelQ9akHpcOl/gUVRTxVIOkAJ1wR3QAvb4RsVjS8oVoFjDGTc679wJYmUmknUF5HwMLOgb5O+a3KxfWapPQ==",
        "dependencies": {}
      },
      "merge-descriptors@1.0.1": {
        "integrity": "sha512-cCi6g3/Zr1iqQi6ySbseM1Xvooa98N0w31jzUYrXPX2xqObmFGHJ0tQ5u74H3mVh7wLouTseZyYIq39g8cNp1w==",
        "dependencies": {}
      },
      "methods@1.1.2": {
        "integrity": "sha512-iclAHeNqNm68zFtnZ0e+1L2yUIdvzNoauKU4WBA3VvH/vPFieF7qfRlwUZU+DA9P9bPXIS90ulxoUoCH23sV2w==",
        "dependencies": {}
      },
      "mime-db@1.52.0": {
        "integrity": "sha512-sPU4uV7dYlvtWJxwwxHD0PuihVNiE7TyAbQ5SWxDCB9mUYvOgroQOwYQQOKPJ8CIbE+1ETVlOoK1UC2nU3gYvg==",
        "dependencies": {}
      },
      "mime-types@2.1.35": {
        "integrity": "sha512-ZDY+bPm5zTTF+YpCrAU9nK0UgICYPT0QtT1NZWFv4s++TNkcgVaT0g6+4R2uI4MjQjzysHB1zxuWL50hzaeXiw==",
        "dependencies": {
          "mime-db": "mime-db@1.52.0"
        }
      },
      "mime@1.6.0": {
        "integrity": "sha512-x0Vn8spI+wuJ1O6S7gnbaQg8Pxh4NNHb7KSINmEWKiPE4RKOplvijn+NkmYmmRgP68mc70j2EbeTFRsrswaQeg==",
        "dependencies": {}
      },
      "morgan@1.10.0": {
        "integrity": "sha512-AbegBVI4sh6El+1gNwvD5YIck7nSA36weD7xvIxG4in80j/UoK8AEGaWnnz8v1GxonMCltmlNs5ZKbGvl9b1XQ==",
        "dependencies": {
          "basic-auth": "basic-auth@2.0.1",
          "debug": "debug@2.6.9",
          "depd": "depd@2.0.0",
          "on-finished": "on-finished@2.3.0",
          "on-headers": "on-headers@1.0.2"
        }
      },
      "ms@2.0.0": {
        "integrity": "sha512-Tpp60P6IUJDTuOq/5Z8cdskzJujfwqfOTkrwIwj7IRISpnkJnT6SyJ4PCPnGMoFjC9ddhal5KVIYtAt97ix05A==",
        "dependencies": {}
      },
      "ms@2.1.3": {
        "integrity": "sha512-6FlzubTLZG3J2a/NVCAleEhjzq5oxgHyaCU9yYXvcLsvoVaHJq/s5xXI6/XXP6tz7R9xAOtHnSO/tXtF3WRTlA==",
        "dependencies": {}
      },
      "negotiator@0.6.3": {
        "integrity": "sha512-+EUsqGPLsM+j/zdChZjsnX51g4XrHFOIXwfnCVPGlQk/k5giakcKsuxCObBRu6DSm9opw/O6slWbJdghQM4bBg==",
        "dependencies": {}
      },
      "object-inspect@1.12.3": {
        "integrity": "sha512-geUvdk7c+eizMNUDkRpW1wJwgfOiOeHbxBR/hLXK1aT6zmVSO0jsQcs7fj6MGw89jC/cjGfLcNOrtMYtGqm81g==",
        "dependencies": {}
      },
      "on-finished@2.3.0": {
        "integrity": "sha512-ikqdkGAAyf/X/gPhXGvfgAytDZtDbr+bkNUJ0N9h5MI/dmdgCs3l6hoHrcUv41sRKew3jIwrp4qQDXiK99Utww==",
        "dependencies": {
          "ee-first": "ee-first@1.1.1"
        }
      },
      "on-finished@2.4.1": {
        "integrity": "sha512-oVlzkg3ENAhCk2zdv7IJwd/QUD4z2RxRwpkcGY8psCVcCYZNq4wYnVWALHM+brtuJjePWiYF/ClmuDr8Ch5+kg==",
        "dependencies": {
          "ee-first": "ee-first@1.1.1"
        }
      },
      "on-headers@1.0.2": {
        "integrity": "sha512-pZAE+FJLoyITytdqK0U5s+FIpjN0JP3OzFi/u8Rx+EV5/W+JTWGXG8xFzevE7AjBfDqHv/8vL8qQsIhHnqRkrA==",
        "dependencies": {}
      },
      "parseurl@1.3.3": {
        "integrity": "sha512-CiyeOxFT/JZyN5m0z9PfXw4SCBJ6Sygz1Dpl0wqjlhDEGGBP1GnsUVEL0p63hoG1fcj3fHynXi9NYO4nWOL+qQ==",
        "dependencies": {}
      },
      "path-to-regexp@0.1.7": {
        "integrity": "sha512-5DFkuoqlv1uYQKxy8omFBeJPQcdoE07Kv2sferDCrAq1ohOU+MSDswDIbnx3YAM60qIOnYa53wBhXW0EbMonrQ==",
        "dependencies": {}
      },
      "proxy-addr@2.0.7": {
        "integrity": "sha512-llQsMLSUDUPT44jdrU/O37qlnifitDP+ZwrmmZcoSKyLKvtZxpyV0n2/bD/N4tBAAZ/gJEdZU7KMraoK1+XYAg==",
        "dependencies": {
          "forwarded": "forwarded@0.2.0",
          "ipaddr.js": "ipaddr.js@1.9.1"
        }
      },
      "proxy-from-env@1.1.0": {
        "integrity": "sha512-D+zkORCbA9f1tdWRK0RaCR3GPv50cMxcrz4X8k5LTSUD1Dkw47mKJEZQNunItRTkWwgtaUSo1RVFRIG9ZXiFYg==",
        "dependencies": {}
      },
      "qs@6.11.0": {
        "integrity": "sha512-MvjoMCJwEarSbUYk5O+nmoSzSutSsTwF85zcHPQ9OrlFoZOYIjaqBAJIqIXjptyD5vThxGq52Xu/MaJzRkIk4Q==",
        "dependencies": {
          "side-channel": "side-channel@1.0.4"
        }
      },
      "range-parser@1.2.1": {
        "integrity": "sha512-Hrgsx+orqoygnmhFbKaHE6c296J+HTAQXoxEF6gNupROmmGJRoyzfG3ccAveqCBrwr/2yxQ5BVd/GTl5agOwSg==",
        "dependencies": {}
      },
      "raw-body@2.5.1": {
        "integrity": "sha512-qqJBtEyVgS0ZmPGdCFPWJ3FreoqvG4MVQln/kCgF7Olq95IbOp0/BWyMwbdtn4VTvkM8Y7khCQ2Xgk/tcrCXig==",
        "dependencies": {
          "bytes": "bytes@3.1.2",
          "http-errors": "http-errors@2.0.0",
          "iconv-lite": "iconv-lite@0.4.24",
          "unpipe": "unpipe@1.0.0"
        }
      },
      "raw-body@2.5.2": {
        "integrity": "sha512-8zGqypfENjCIqGhgXToC8aB2r7YrBX+AQAfIPs/Mlk+BtPTztOvTS01NRW/3Eh60J+a48lt8qsCzirQ6loCVfA==",
        "dependencies": {
          "bytes": "bytes@3.1.2",
          "http-errors": "http-errors@2.0.0",
          "iconv-lite": "iconv-lite@0.4.24",
          "unpipe": "unpipe@1.0.0"
        }
      },
      "safe-buffer@5.1.2": {
        "integrity": "sha512-Gd2UZBJDkXlY7GbJxfsE8/nvKkUEU1G38c1siN6QP6a9PT9MmHB8GnpscSmMJSoF8LOIrt8ud/wPtojys4G6+g==",
        "dependencies": {}
      },
      "safe-buffer@5.2.1": {
        "integrity": "sha512-rp3So07KcdmmKbGvgaNxQSJr7bGVSVk5S9Eq1F+ppbRo70+YeaDxkw5Dd8NPN+GD6bjnYm2VuPuCXmpuYvmCXQ==",
        "dependencies": {}
      },
      "safer-buffer@2.1.2": {
        "integrity": "sha512-YZo3K82SD7Riyi0E1EQPojLz7kpepnSQI9IyPbHHg1XXXevb5dJI7tpyN2ADxGcQbHG7vcyRHk0cbwqcQriUtg==",
        "dependencies": {}
      },
      "send@0.18.0": {
        "integrity": "sha512-qqWzuOjSFOuqPjFe4NOsMLafToQQwBSOEpS+FwEt3A2V3vKubTquT3vmLTQpFgMXp8AlFWFuP1qKaJZOtPpVXg==",
        "dependencies": {
          "debug": "debug@2.6.9",
          "depd": "depd@2.0.0",
          "destroy": "destroy@1.2.0",
          "encodeurl": "encodeurl@1.0.2",
          "escape-html": "escape-html@1.0.3",
          "etag": "etag@1.8.1",
          "fresh": "fresh@0.5.2",
          "http-errors": "http-errors@2.0.0",
          "mime": "mime@1.6.0",
          "ms": "ms@2.1.3",
          "on-finished": "on-finished@2.4.1",
          "range-parser": "range-parser@1.2.1",
          "statuses": "statuses@2.0.1"
        }
      },
      "serve-static@1.15.0": {
        "integrity": "sha512-XGuRDNjXUijsUL0vl6nSD7cwURuzEgglbOaFuZM9g3kwDXOWVTck0jLzjPzGD+TazWbboZYu52/9/XPdUgne9g==",
        "dependencies": {
          "encodeurl": "encodeurl@1.0.2",
          "escape-html": "escape-html@1.0.3",
          "parseurl": "parseurl@1.3.3",
          "send": "send@0.18.0"
        }
      },
      "setprototypeof@1.2.0": {
        "integrity": "sha512-E5LDX7Wrp85Kil5bhZv46j8jOeboKq5JMmYM3gVGdGH8xFpPWXUMsNrlODCrkoxMEeNi/XZIwuRvY4XNwYMJpw==",
        "dependencies": {}
      },
      "side-channel@1.0.4": {
        "integrity": "sha512-q5XPytqFEIKHkGdiMIrY10mvLRvnQh42/+GoBlFW3b2LXLE2xxJpZFdm94we0BaoV3RwJyGqg5wS7epxTv0Zvw==",
        "dependencies": {
          "call-bind": "call-bind@1.0.2",
          "get-intrinsic": "get-intrinsic@1.2.0",
          "object-inspect": "object-inspect@1.12.3"
        }
      },
      "statuses@2.0.1": {
        "integrity": "sha512-RwNA9Z/7PrK06rYLIzFMlaF+l73iwpzsqRIFgbMLbTcLD6cOao82TaWefPXQvB2fOC4AjuYSEndS7N/mTCbkdQ==",
        "dependencies": {}
      },
      "toidentifier@1.0.1": {
        "integrity": "sha512-o5sSPKEkg/DIQNmH43V0/uerLrpzVedkUh8tGNvaeXpfpuwjKenlSox/2O/BTlZUtEe+JG7s5YhEz608PlAHRA==",
        "dependencies": {}
      },
      "type-is@1.6.18": {
        "integrity": "sha512-TkRKr9sUTxEH8MdfuCSP7VizJyzRNMjj2J2do2Jr3Kym598JVdEksuzPQCnlFPW4ky9Q+iA+ma9BGm06XQBy8g==",
        "dependencies": {
          "media-typer": "media-typer@0.3.0",
          "mime-types": "mime-types@2.1.35"
        }
      },
      "types@0.1.1": {
        "integrity": "sha512-JuntZtJj4MKLE9x/XBs7IjsznYhzETwr34pw3XJTKvgYtAMdeMG+o8x8U85E5Lm6eCPa1DdOdGVsHMwq4ZnZAg==",
        "dependencies": {}
      },
      "unpipe@1.0.0": {
        "integrity": "sha512-pjy2bYhSsufwWlKwPc+l3cN7+wuJlK6uz0YdJEOlQDbl6jo/YlPi4mb8agUkVC8BF7V8NuzeyPNqRksA3hztKQ==",
        "dependencies": {}
      },
      "utils-merge@1.0.1": {
        "integrity": "sha512-pMZTvIkT1d+TFGvDOqodOclx0QWkkgi6Tdoa8gC8ffGAAqz9pzPTZWAybbsHHoED/ztMtkv/VoYTYyShUn81hA==",
        "dependencies": {}
      },
      "vary@1.1.2": {
        "integrity": "sha512-BNGbWLfd0eUPabhkXUVm0j8uuvREyTh5ovRa/dyow/BqAbZJyC+5fU+IzQOzmAKzYqYRAISoRhdQr3eIZ/PXqg==",
        "dependencies": {}
      }
    }
  }
}
